# THIS IS AN AUTOGENERATED FILE. DO NOT EDIT THIS FILE DIRECTLY.
# yarn lockfile v1


vuex@2.5.0:
  version "2.5.0"
  resolved "https://registry.yarnpkg.com/vuex/-/vuex-2.5.0.tgz#20f0265ade6c9a5ac6724a405d3ffdb4726c9741"
  integrity sha512-5oJPOJySBgSgSzoeO+gZB/BbN/XsapgIF6tz34UwJqnGZMQurzIO3B4KIBf862gfc9ya+oduY5sSkq+5/oOilQ==
